
Microsoft Visual Studio Solution File, Format Version 12.00
# Visual Studio 2013
VisualStudioVersion = 12.0.30501.0
MinimumVisualStudioVersion = 10.0.40219.1
Project("{FAE04EC0-301F-11D3-BF4B-00C04F79EFBC}") = "LeanCloud.LeanStorage.Demo.Silverlight", "LeanCloud.LeanStorage.Demo.WindowsPhone8(&8.1).Silverlight\LeanCloud.LeanStorage.Demo.Silverlight.csproj", "{FD847A73-68FE-45E5-99F7-E5CAB58B0E59}"
EndProject
Project("{FAE04EC0-301F-11D3-BF4B-00C04F79EFBC}") = "LeanCloud.LeanMeaasge.Demo.Silverlight", "LeanCloud.LeanMeaasge.Demo.WindowsPhone8(&8.1).Silverlight\LeanCloud.LeanMeaasge.Demo.Silverlight.csproj", "{62BFFC93-6F40-495A-A26D-278931EBE840}"
EndProject
Project("{FAE04EC0-301F-11D3-BF4B-00C04F79EFBC}") = "LeanCloud.LeanMessage.Demo.WindowsForm.NET45", "LeanCloud.LeanMessage.Demo.WindowsForm.NET45\LeanCloud.LeanMessage.Demo.WindowsForm.NET45.csproj", "{B702502A-3768-4BF3-98C1-E9E95C47A878}"
EndProject
Project("{FAE04EC0-301F-11D3-BF4B-00C04F79EFBC}") = "LeanCloud.LeanStorage.Demo.WindowsForm.NET45", "LeanCloud.LeanStorage.Demo.WindowsForm.NET45\LeanCloud.LeanStorage.Demo.WindowsForm.NET45.csproj", "{FA5AFDCA-4F0C-41B9-A57D-1D5999F46CA7}"
EndProject
Project("{FAE04EC0-301F-11D3-BF4B-00C04F79EFBC}") = "LeanCloud.LeanMessage.Demo.WPF.NET45", "LeanCloud.LeanMessage.Demo.WPF.NET45\LeanCloud.LeanMessage.Demo.WPF.NET45.csproj", "{C60FCF93-67E0-459C-A89F-C802FBE07C71}"
EndProject
Global
	GlobalSection(SolutionConfigurationPlatforms) = preSolution
		Debug|Any CPU = Debug|Any CPU
		Debug|ARM = Debug|ARM
		Debug|x86 = Debug|x86
		Release|Any CPU = Release|Any CPU
		Release|ARM = Release|ARM
		Release|x86 = Release|x86
		stage|Any CPU = stage|Any CPU
		stage|ARM = stage|ARM
		stage|x86 = stage|x86
		Test|Any CPU = Test|Any CPU
		Test|ARM = Test|ARM
		Test|x86 = Test|x86
	EndGlobalSection
	GlobalSection(ProjectConfigurationPlatforms) = postSolution
		{FD847A73-68FE-45E5-99F7-E5CAB58B0E59}.Debug|Any CPU.ActiveCfg = Debug|Any CPU
		{FD847A73-68FE-45E5-99F7-E5CAB58B0E59}.Debug|Any CPU.Build.0 = Debug|Any CPU
		{FD847A73-68FE-45E5-99F7-E5CAB58B0E59}.Debug|Any CPU.Deploy.0 = Debug|Any CPU
		{FD847A73-68FE-45E5-99F7-E5CAB58B0E59}.Debug|ARM.ActiveCfg = Debug|ARM
		{FD847A73-68FE-45E5-99F7-E5CAB58B0E59}.Debug|ARM.Build.0 = Debug|ARM
		{FD847A73-68FE-45E5-99F7-E5CAB58B0E59}.Debug|ARM.Deploy.0 = Debug|ARM
		{FD847A73-68FE-45E5-99F7-E5CAB58B0E59}.Debug|x86.ActiveCfg = Debug|x86
		{FD847A73-68FE-45E5-99F7-E5CAB58B0E59}.Debug|x86.Build.0 = Debug|x86
		{FD847A73-68FE-45E5-99F7-E5CAB58B0E59}.Debug|x86.Deploy.0 = Debug|x86
		{FD847A73-68FE-45E5-99F7-E5CAB58B0E59}.Release|Any CPU.ActiveCfg = Release|Any CPU
		{FD847A73-68FE-45E5-99F7-E5CAB58B0E59}.Release|Any CPU.Build.0 = Release|Any CPU
		{FD847A73-68FE-45E5-99F7-E5CAB58B0E59}.Release|Any CPU.Deploy.0 = Release|Any CPU
		{FD847A73-68FE-45E5-99F7-E5CAB58B0E59}.Release|ARM.ActiveCfg = Release|ARM
		{FD847A73-68FE-45E5-99F7-E5CAB58B0E59}.Release|ARM.Build.0 = Release|ARM
		{FD847A73-68FE-45E5-99F7-E5CAB58B0E59}.Release|ARM.Deploy.0 = Release|ARM
		{FD847A73-68FE-45E5-99F7-E5CAB58B0E59}.Release|x86.ActiveCfg = Release|x86
		{FD847A73-68FE-45E5-99F7-E5CAB58B0E59}.Release|x86.Build.0 = Release|x86
		{FD847A73-68FE-45E5-99F7-E5CAB58B0E59}.Release|x86.Deploy.0 = Release|x86
		{FD847A73-68FE-45E5-99F7-E5CAB58B0E59}.stage|Any CPU.ActiveCfg = Release|Any CPU
		{FD847A73-68FE-45E5-99F7-E5CAB58B0E59}.stage|Any CPU.Build.0 = Release|Any CPU
		{FD847A73-68FE-45E5-99F7-E5CAB58B0E59}.stage|Any CPU.Deploy.0 = Release|Any CPU
		{FD847A73-68FE-45E5-99F7-E5CAB58B0E59}.stage|ARM.ActiveCfg = Release|ARM
		{FD847A73-68FE-45E5-99F7-E5CAB58B0E59}.stage|ARM.Build.0 = Release|ARM
		{FD847A73-68FE-45E5-99F7-E5CAB58B0E59}.stage|ARM.Deploy.0 = Release|ARM
		{FD847A73-68FE-45E5-99F7-E5CAB58B0E59}.stage|x86.ActiveCfg = Release|x86
		{FD847A73-68FE-45E5-99F7-E5CAB58B0E59}.stage|x86.Build.0 = Release|x86
		{FD847A73-68FE-45E5-99F7-E5CAB58B0E59}.stage|x86.Deploy.0 = Release|x86
		{FD847A73-68FE-45E5-99F7-E5CAB58B0E59}.Test|Any CPU.ActiveCfg = Release|Any CPU
		{FD847A73-68FE-45E5-99F7-E5CAB58B0E59}.Test|Any CPU.Build.0 = Release|Any CPU
		{FD847A73-68FE-45E5-99F7-E5CAB58B0E59}.Test|Any CPU.Deploy.0 = Release|Any CPU
		{FD847A73-68FE-45E5-99F7-E5CAB58B0E59}.Test|ARM.ActiveCfg = Release|ARM
		{FD847A73-68FE-45E5-99F7-E5CAB58B0E59}.Test|ARM.Build.0 = Release|ARM
		{FD847A73-68FE-45E5-99F7-E5CAB58B0E59}.Test|ARM.Deploy.0 = Release|ARM
		{FD847A73-68FE-45E5-99F7-E5CAB58B0E59}.Test|x86.ActiveCfg = Release|x86
		{FD847A73-68FE-45E5-99F7-E5CAB58B0E59}.Test|x86.Build.0 = Release|x86
		{FD847A73-68FE-45E5-99F7-E5CAB58B0E59}.Test|x86.Deploy.0 = Release|x86
		{62BFFC93-6F40-495A-A26D-278931EBE840}.Debug|Any CPU.ActiveCfg = Debug|Any CPU
		{62BFFC93-6F40-495A-A26D-278931EBE840}.Debug|Any CPU.Build.0 = Debug|Any CPU
		{62BFFC93-6F40-495A-A26D-278931EBE840}.Debug|Any CPU.Deploy.0 = Debug|Any CPU
		{62BFFC93-6F40-495A-A26D-278931EBE840}.Debug|ARM.ActiveCfg = Debug|ARM
		{62BFFC93-6F40-495A-A26D-278931EBE840}.Debug|ARM.Build.0 = Debug|ARM
		{62BFFC93-6F40-495A-A26D-278931EBE840}.Debug|ARM.Deploy.0 = Debug|ARM
		{62BFFC93-6F40-495A-A26D-278931EBE840}.Debug|x86.ActiveCfg = Debug|x86
		{62BFFC93-6F40-495A-A26D-278931EBE840}.Debug|x86.Build.0 = Debug|x86
		{62BFFC93-6F40-495A-A26D-278931EBE840}.Debug|x86.Deploy.0 = Debug|x86
		{62BFFC93-6F40-495A-A26D-278931EBE840}.Release|Any CPU.ActiveCfg = Release|Any CPU
		{62BFFC93-6F40-495A-A26D-278931EBE840}.Release|Any CPU.Build.0 = Release|Any CPU
		{62BFFC93-6F40-495A-A26D-278931EBE840}.Release|Any CPU.Deploy.0 = Release|Any CPU
		{62BFFC93-6F40-495A-A26D-278931EBE840}.Release|ARM.ActiveCfg = Release|ARM
		{62BFFC93-6F40-495A-A26D-278931EBE840}.Release|ARM.Build.0 = Release|ARM
		{62BFFC93-6F40-495A-A26D-278931EBE840}.Release|ARM.Deploy.0 = Release|ARM
		{62BFFC93-6F40-495A-A26D-278931EBE840}.Release|x86.ActiveCfg = Release|x86
		{62BFFC93-6F40-495A-A26D-278931EBE840}.Release|x86.Build.0 = Release|x86
		{62BFFC93-6F40-495A-A26D-278931EBE840}.Release|x86.Deploy.0 = Release|x86
		{62BFFC93-6F40-495A-A26D-278931EBE840}.stage|Any CPU.ActiveCfg = Test|Any CPU
		{62BFFC93-6F40-495A-A26D-278931EBE840}.stage|Any CPU.Build.0 = Test|Any CPU
		{62BFFC93-6F40-495A-A26D-278931EBE840}.stage|Any CPU.Deploy.0 = Test|Any CPU
		{62BFFC93-6F40-495A-A26D-278931EBE840}.stage|ARM.ActiveCfg = Test|ARM
		{62BFFC93-6F40-495A-A26D-278931EBE840}.stage|ARM.Build.0 = Test|ARM
		{62BFFC93-6F40-495A-A26D-278931EBE840}.stage|ARM.Deploy.0 = Test|ARM
		{62BFFC93-6F40-495A-A26D-278931EBE840}.stage|x86.ActiveCfg = Test|x86
		{62BFFC93-6F40-495A-A26D-278931EBE840}.stage|x86.Build.0 = Test|x86
		{62BFFC93-6F40-495A-A26D-278931EBE840}.stage|x86.Deploy.0 = Test|x86
		{62BFFC93-6F40-495A-A26D-278931EBE840}.Test|Any CPU.ActiveCfg = Test|Any CPU
		{62BFFC93-6F40-495A-A26D-278931EBE840}.Test|Any CPU.Build.0 = Test|Any CPU
		{62BFFC93-6F40-495A-A26D-278931EBE840}.Test|Any CPU.Deploy.0 = Test|Any CPU
		{62BFFC93-6F40-495A-A26D-278931EBE840}.Test|ARM.ActiveCfg = Test|ARM
		{62BFFC93-6F40-495A-A26D-278931EBE840}.Test|ARM.Build.0 = Test|ARM
		{62BFFC93-6F40-495A-A26D-278931EBE840}.Test|ARM.Deploy.0 = Test|ARM
		{62BFFC93-6F40-495A-A26D-278931EBE840}.Test|x86.ActiveCfg = Test|x86
		{62BFFC93-6F40-495A-A26D-278931EBE840}.Test|x86.Build.0 = Test|x86
		{62BFFC93-6F40-495A-A26D-278931EBE840}.Test|x86.Deploy.0 = Test|x86
		{B702502A-3768-4BF3-98C1-E9E95C47A878}.Debug|Any CPU.ActiveCfg = Debug|Any CPU
		{B702502A-3768-4BF3-98C1-E9E95C47A878}.Debug|Any CPU.Build.0 = Debug|Any CPU
		{B702502A-3768-4BF3-98C1-E9E95C47A878}.Debug|ARM.ActiveCfg = Debug|Any CPU
		{B702502A-3768-4BF3-98C1-E9E95C47A878}.Debug|x86.ActiveCfg = Debug|Any CPU
		{B702502A-3768-4BF3-98C1-E9E95C47A878}.Release|Any CPU.ActiveCfg = Release|Any CPU
		{B702502A-3768-4BF3-98C1-E9E95C47A878}.Release|Any CPU.Build.0 = Release|Any CPU
		{B702502A-3768-4BF3-98C1-E9E95C47A878}.Release|ARM.ActiveCfg = Release|Any CPU
		{B702502A-3768-4BF3-98C1-E9E95C47A878}.Release|x86.ActiveCfg = Release|Any CPU
		{B702502A-3768-4BF3-98C1-E9E95C47A878}.stage|Any CPU.ActiveCfg = Release|Any CPU
		{B702502A-3768-4BF3-98C1-E9E95C47A878}.stage|Any CPU.Build.0 = Release|Any CPU
		{B702502A-3768-4BF3-98C1-E9E95C47A878}.stage|ARM.ActiveCfg = Release|Any CPU
		{B702502A-3768-4BF3-98C1-E9E95C47A878}.stage|x86.ActiveCfg = Release|Any CPU
		{B702502A-3768-4BF3-98C1-E9E95C47A878}.Test|Any CPU.ActiveCfg = Release|Any CPU
		{B702502A-3768-4BF3-98C1-E9E95C47A878}.Test|Any CPU.Build.0 = Release|Any CPU
		{B702502A-3768-4BF3-98C1-E9E95C47A878}.Test|ARM.ActiveCfg = Release|Any CPU
		{B702502A-3768-4BF3-98C1-E9E95C47A878}.Test|x86.ActiveCfg = Release|Any CPU
		{FA5AFDCA-4F0C-41B9-A57D-1D5999F46CA7}.Debug|Any CPU.ActiveCfg = Debug|Any CPU
		{FA5AFDCA-4F0C-41B9-A57D-1D5999F46CA7}.Debug|Any CPU.Build.0 = Debug|Any CPU
		{FA5AFDCA-4F0C-41B9-A57D-1D5999F46CA7}.Debug|ARM.ActiveCfg = Debug|Any CPU
		{FA5AFDCA-4F0C-41B9-A57D-1D5999F46CA7}.Debug|x86.ActiveCfg = Debug|Any CPU
		{FA5AFDCA-4F0C-41B9-A57D-1D5999F46CA7}.Release|Any CPU.ActiveCfg = Release|Any CPU
		{FA5AFDCA-4F0C-41B9-A57D-1D5999F46CA7}.Release|Any CPU.Build.0 = Release|Any CPU
		{FA5AFDCA-4F0C-41B9-A57D-1D5999F46CA7}.Release|ARM.ActiveCfg = Release|Any CPU
		{FA5AFDCA-4F0C-41B9-A57D-1D5999F46CA7}.Release|x86.ActiveCfg = Release|Any CPU
		{FA5AFDCA-4F0C-41B9-A57D-1D5999F46CA7}.stage|Any CPU.ActiveCfg = Release|Any CPU
		{FA5AFDCA-4F0C-41B9-A57D-1D5999F46CA7}.stage|Any CPU.Build.0 = Release|Any CPU
		{FA5AFDCA-4F0C-41B9-A57D-1D5999F46CA7}.stage|ARM.ActiveCfg = Release|Any CPU
		{FA5AFDCA-4F0C-41B9-A57D-1D5999F46CA7}.stage|x86.ActiveCfg = Release|Any CPU
		{FA5AFDCA-4F0C-41B9-A57D-1D5999F46CA7}.Test|Any CPU.ActiveCfg = Release|Any CPU
		{FA5AFDCA-4F0C-41B9-A57D-1D5999F46CA7}.Test|Any CPU.Build.0 = Release|Any CPU
		{FA5AFDCA-4F0C-41B9-A57D-1D5999F46CA7}.Test|ARM.ActiveCfg = Release|Any CPU
		{FA5AFDCA-4F0C-41B9-A57D-1D5999F46CA7}.Test|x86.ActiveCfg = Release|Any CPU
		{C60FCF93-67E0-459C-A89F-C802FBE07C71}.Debug|Any CPU.ActiveCfg = Debug|Any CPU
		{C60FCF93-67E0-459C-A89F-C802FBE07C71}.Debug|Any CPU.Build.0 = Debug|Any CPU
		{C60FCF93-67E0-459C-A89F-C802FBE07C71}.Debug|ARM.ActiveCfg = Debug|Any CPU
		{C60FCF93-67E0-459C-A89F-C802FBE07C71}.Debug|x86.ActiveCfg = Debug|Any CPU
		{C60FCF93-67E0-459C-A89F-C802FBE07C71}.Release|Any CPU.ActiveCfg = Release|Any CPU
		{C60FCF93-67E0-459C-A89F-C802FBE07C71}.Release|Any CPU.Build.0 = Release|Any CPU
		{C60FCF93-67E0-459C-A89F-C802FBE07C71}.Release|ARM.ActiveCfg = Release|Any CPU
		{C60FCF93-67E0-459C-A89F-C802FBE07C71}.Release|x86.ActiveCfg = Release|Any CPU
		{C60FCF93-67E0-459C-A89F-C802FBE07C71}.stage|Any CPU.ActiveCfg = Release|Any CPU
		{C60FCF93-67E0-459C-A89F-C802FBE07C71}.stage|Any CPU.Build.0 = Release|Any CPU
		{C60FCF93-67E0-459C-A89F-C802FBE07C71}.stage|ARM.ActiveCfg = Release|Any CPU
		{C60FCF93-67E0-459C-A89F-C802FBE07C71}.stage|x86.ActiveCfg = Release|Any CPU
		{C60FCF93-67E0-459C-A89F-C802FBE07C71}.Test|Any CPU.ActiveCfg = Release|Any CPU
		{C60FCF93-67E0-459C-A89F-C802FBE07C71}.Test|Any CPU.Build.0 = Release|Any CPU
		{C60FCF93-67E0-459C-A89F-C802FBE07C71}.Test|ARM.ActiveCfg = Release|Any CPU
		{C60FCF93-67E0-459C-A89F-C802FBE07C71}.Test|x86.ActiveCfg = Release|Any CPU
	EndGlobalSection
	GlobalSection(SolutionProperties) = preSolution
		HideSolutionNode = FALSE
	EndGlobalSection
EndGlobal
